
Microsoft Visual Studio Solution File, Format Version 12.00
# Visual Studio Version 16
VisualStudioVersion = 25.0.1706.9
MinimumVisualStudioVersion = 10.0.40219.1
Project("{FAE04EC0-301F-11D3-BF4B-00C04F79EFBC}") = "INetoMVCAPP", "INetoMVCAPP\INetoMVCAPP.csproj", "{07798FA0-C099-4BB8-BF3C-78DEF287CBE2}"
EndProject
Global
	GlobalSection(SolutionConfigurationPlatforms) = preSolution
		Debug|Any CPU = Debug|Any CPU
		Release|Any CPU = Release|Any CPU
	EndGlobalSection
	GlobalSection(ProjectConfigurationPlatforms) = postSolution
		{07798FA0-C099-4BB8-BF3C-78DEF287CBE2}.Debug|Any CPU.ActiveCfg = Debug|Any CPU
		{07798FA0-C099-4BB8-BF3C-78DEF287CBE2}.Debug|Any CPU.Build.0 = Debug|Any CPU
		{07798FA0-C099-4BB8-BF3C-78DEF287CBE2}.Release|Any CPU.ActiveCfg = Release|Any CPU
		{07798FA0-C099-4BB8-BF3C-78DEF287CBE2}.Release|Any CPU.Build.0 = Release|Any CPU
	EndGlobalSection
	GlobalSection(SolutionProperties) = preSolution
		HideSolutionNode = FALSE
	EndGlobalSection
	GlobalSection(ExtensibilityGlobals) = postSolution
		SolutionGuid = {AE9C6F5C-52CE-4563-8C9E-EB5636833F78}
	EndGlobalSection
EndGlobal
